
Microsoft Visual Studio Solution File, Format Version 12.00
# Visual Studio Version 17
VisualStudioVersion = 17.9.34622.214
MinimumVisualStudioVersion = 10.0.40219.1
Project("{FAE04EC0-301F-11D3-BF4B-00C04F79EFBC}") = "test_elcom", "test_elcom\test_elcom.csproj", "{AF0E22EA-37D2-495D-BB45-281A5EBD18A7}"
EndProject
Global
	GlobalSection(SolutionConfigurationPlatforms) = preSolution
		Debug|Any CPU = Debug|Any CPU
		Release|Any CPU = Release|Any CPU
	EndGlobalSection
	GlobalSection(ProjectConfigurationPlatforms) = postSolution
		{AF0E22EA-37D2-495D-BB45-281A5EBD18A7}.Debug|Any CPU.ActiveCfg = Debug|Any CPU
		{AF0E22EA-37D2-495D-BB45-281A5EBD18A7}.Debug|Any CPU.Build.0 = Debug|Any CPU
		{AF0E22EA-37D2-495D-BB45-281A5EBD18A7}.Release|Any CPU.ActiveCfg = Release|Any CPU
		{AF0E22EA-37D2-495D-BB45-281A5EBD18A7}.Release|Any CPU.Build.0 = Release|Any CPU
	EndGlobalSection
	GlobalSection(SolutionProperties) = preSolution
		HideSolutionNode = FALSE
	EndGlobalSection
	GlobalSection(ExtensibilityGlobals) = postSolution
		SolutionGuid = {3B5D98CC-2AE4-4FBC-9542-AFE25FBFC494}
	EndGlobalSection
EndGlobal
